# Pinned vendor provenance for Capicola for disting NT.
# Update this file, the license audit, and verification expectations together.
vendor/capicola https://github.com/heavylight-industries/capicola.git 120b0b843c18bda373d96eb79d49805545f61556
vendor/distingNT_API https://github.com/expertsleepersltd/distingNT_API.git cd12d876dbe060859828053efab1cbc98c9df251
